{
  "nodes": {
    "home-manager": {
      "inputs": {
        "nixpkgs": "nixpkgs"
      },
      "locked": {
        "lastModified": 1714430505,
        "narHash": "sha256-SSJQ/KOy8uISnoZgqDoRha7g7PFLSFP/BtMWm0wUz8Q=",
        "owner": "nix-community",
        "repo": "home-manager",
        "rev": "f8e6694edabe4aaa7a85aac47b43ea5d978b116d",
        "type": "github"
      },
      "original": {
        "owner": "nix-community",
        "repo": "home-manager",
        "type": "github"
      }
    },
    "nixos-hardware": {
      "locked": {
        "lastModified": 1714465198,
        "narHash": "sha256-ySkEJvS0gPz2UhXm0H3P181T8fUxvDVcoUyGn0Kc5AI=",
        "owner": "NixOS",
        "repo": "nixos-hardware",
        "rev": "68d680c1b7c0e67a9b2144d6776583ee83664ef4",
        "type": "github"
      },
      "original": {
        "owner": "NixOS",
        "repo": "nixos-hardware",
        "type": "github"
      }
    },
    "nixpkgs": {
      "locked": {
        "lastModified": 1714076141,
        "narHash": "sha256-Drmja/f5MRHZCskS6mvzFqxEaZMeciScCTFxWVLqWEY=",
        "owner": "NixOS",
        "repo": "nixpkgs",
        "rev": "7bb2ccd8cdc44c91edba16c48d2c8f331fb3d856",
        "type": "github"
      },
      "original": {
        "owner": "NixOS",
        "ref": "nixos-unstable",
        "repo": "nixpkgs",
        "type": "github"
      }
    },
    "nixpkgs_2": {
      "locked": {
        "lastModified": 1714253743,
        "narHash": "sha256-mdTQw2XlariysyScCv2tTE45QSU9v/ezLcHJ22f0Nxc=",
        "owner": "NixOS",
        "repo": "nixpkgs",
        "rev": "58a1abdbae3217ca6b702f03d3b35125d88a2994",
        "type": "github"
      },
      "original": {
        "owner": "NixOS",
        "ref": "nixos-unstable",
        "repo": "nixpkgs",
        "type": "github"
      }
    },
    "nur": {
      "locked": {
        "lastModified": 1714475336,
        "narHash": "sha256-/yHw6xlHqpebjd8l058uJ6kJYVaOafpuAmzRlgQpH5Y=",
        "owner": "nix-community",
        "repo": "NUR",
        "rev": "a5c4ddb6db335eab269fc532968f00bd3dca57e4",
        "type": "github"
      },
      "original": {
        "owner": "nix-community",
        "repo": "NUR",
        "type": "github"
      }
    },
    "root": {
      "inputs": {
        "home-manager": "home-manager",
        "nixos-hardware": "nixos-hardware",
        "nixpkgs": "nixpkgs_2",
        "nur": "nur",
        "themes": "themes"
      }
    },
    "themes": {
      "locked": {
        "lastModified": 1702496684,
        "narHash": "sha256-fClxDgKdH62T3nbuq3HXMrgtzsEJbFyj3UCaQdgRuF8=",
        "owner": "RGBCube",
        "repo": "ThemeNix",
        "rev": "9f6d2cda4ba1e1840d8f126086df9a801508de6a",
        "type": "github"
      },
      "original": {
        "owner": "RGBCube",
        "repo": "ThemeNix",
        "type": "github"
      }
    }
  },
  "root": "root",
  "version": 7
}
